
Microsoft Visual Studio Solution File, Format Version 12.00
# Visual Studio Version 16
VisualStudioVersion = 16.0.30717.126
MinimumVisualStudioVersion = 10.0.40219.1
Project("{FAE04EC0-301F-11D3-BF4B-00C04F79EFBC}") = "NET_TresEnRaya", "NET_TresEnRaya.csproj", "{470438DB-BD5C-49DC-B741-D828372B272F}"
EndProject
Global
	GlobalSection(SolutionConfigurationPlatforms) = preSolution
		Debug|Any CPU = Debug|Any CPU
		Release|Any CPU = Release|Any CPU
	EndGlobalSection
	GlobalSection(ProjectConfigurationPlatforms) = postSolution
		{470438DB-BD5C-49DC-B741-D828372B272F}.Debug|Any CPU.ActiveCfg = Debug|Any CPU
		{470438DB-BD5C-49DC-B741-D828372B272F}.Debug|Any CPU.Build.0 = Debug|Any CPU
		{470438DB-BD5C-49DC-B741-D828372B272F}.Release|Any CPU.ActiveCfg = Release|Any CPU
		{470438DB-BD5C-49DC-B741-D828372B272F}.Release|Any CPU.Build.0 = Release|Any CPU
	EndGlobalSection
	GlobalSection(SolutionProperties) = preSolution
		HideSolutionNode = FALSE
	EndGlobalSection
	GlobalSection(ExtensibilityGlobals) = postSolution
		SolutionGuid = {D3574D60-924C-4E08-A1B2-17D9223E301F}
	EndGlobalSection
EndGlobal
