
Microsoft Visual Studio Solution File, Format Version 12.00
# Visual Studio Version 16
VisualStudioVersion = 16.0.30804.86
MinimumVisualStudioVersion = 10.0.40219.1
Project("{FAE04EC0-301F-11D3-BF4B-00C04F79EFBC}") = "TresEnRayas", "TresEnRayas\TresEnRayas.csproj", "{721EB3A8-86D9-4694-9588-11F45C7CB8D5}"
EndProject
Global
	GlobalSection(SolutionConfigurationPlatforms) = preSolution
		Debug|Any CPU = Debug|Any CPU
		Release|Any CPU = Release|Any CPU
	EndGlobalSection
	GlobalSection(ProjectConfigurationPlatforms) = postSolution
		{721EB3A8-86D9-4694-9588-11F45C7CB8D5}.Debug|Any CPU.ActiveCfg = Debug|Any CPU
		{721EB3A8-86D9-4694-9588-11F45C7CB8D5}.Debug|Any CPU.Build.0 = Debug|Any CPU
		{721EB3A8-86D9-4694-9588-11F45C7CB8D5}.Release|Any CPU.ActiveCfg = Release|Any CPU
		{721EB3A8-86D9-4694-9588-11F45C7CB8D5}.Release|Any CPU.Build.0 = Release|Any CPU
	EndGlobalSection
	GlobalSection(SolutionProperties) = preSolution
		HideSolutionNode = FALSE
	EndGlobalSection
	GlobalSection(ExtensibilityGlobals) = postSolution
		SolutionGuid = {D19D0D8D-B371-4A33-A616-CE16D4FC28B5}
	EndGlobalSection
EndGlobal
